PODS:
  - Flutter (1.0.0)
  - flutter_lnd (0.0.1):
    - Flutter

DEPENDENCIES:
  - Flutter (from `Flutter`)
  - flutter_lnd (from `.symlinks/plugins/flutter_lnd/ios`)

EXTERNAL SOURCES:
  Flutter:
    :path: Flutter
  flutter_lnd:
    :path: ".symlinks/plugins/flutter_lnd/ios"

SPEC CHECKSUMS:
  Flutter: 0e3d915762c693b495b44d77113d4970485de6ec
  flutter_lnd: efd40175df49793a9be32fa206494df2e81b5aa3

PODFILE CHECKSUM: aafe91acc616949ddb318b77800a7f51bffa2a4c

COCOAPODS: 1.10.0
